
Microsoft Visual Studio Solution File, Format Version 12.00
# Visual Studio Version 16
VisualStudioVersion = 16.0.31729.503
MinimumVisualStudioVersion = 10.0.40219.1
Project("{FAE04EC0-301F-11D3-BF4B-00C04F79EFBC}") = "paperfactory", "paperfactory\paperfactory.csproj", "{BB5689D3-132C-4083-980E-24820BAFBB76}"
EndProject
Global
	GlobalSection(SolutionConfigurationPlatforms) = preSolution
		Debug|Any CPU = Debug|Any CPU
		Release|Any CPU = Release|Any CPU
	EndGlobalSection
	GlobalSection(ProjectConfigurationPlatforms) = postSolution
		{BB5689D3-132C-4083-980E-24820BAFBB76}.Debug|Any CPU.ActiveCfg = Debug|Any CPU
		{BB5689D3-132C-4083-980E-24820BAFBB76}.Debug|Any CPU.Build.0 = Debug|Any CPU
		{BB5689D3-132C-4083-980E-24820BAFBB76}.Release|Any CPU.ActiveCfg = Release|Any CPU
		{BB5689D3-132C-4083-980E-24820BAFBB76}.Release|Any CPU.Build.0 = Release|Any CPU
	EndGlobalSection
	GlobalSection(SolutionProperties) = preSolution
		HideSolutionNode = FALSE
	EndGlobalSection
	GlobalSection(ExtensibilityGlobals) = postSolution
		SolutionGuid = {D41870F2-C445-4212-8D2B-CA9BBA010460}
	EndGlobalSection
EndGlobal
